
Microsoft Visual Studio Solution File, Format Version 12.00
# Visual Studio 2015
Project("{FAE04EC0-301F-11D3-BF4B-00C04F79EFBC}") = "HVSDKSampleUnity.Plugins", "HVSDKSampleUnity.Plugins.csproj", "{2BDBE718-F34B-EA38-CBF0-9A9ED6C37164}"
EndProject
Project("{FAE04EC0-301F-11D3-BF4B-00C04F79EFBC}") = "HVSDKSampleUnity", "HVSDKSampleUnity.csproj", "{813B4C5F-E65F-9B39-61A3-0F5D1C01F2D3}"
EndProject
Project("{FAE04EC0-301F-11D3-BF4B-00C04F79EFBC}") = "HVSDKSampleUnity.Editor", "HVSDKSampleUnity.Editor.csproj", "{336DBEF1-5A67-CD5A-20FE-0585D67B7B78}"
EndProject
Global
	GlobalSection(SolutionConfigurationPlatforms) = preSolution
		Debug|Any CPU = Debug|Any CPU
		Release|Any CPU = Release|Any CPU
	EndGlobalSection
	GlobalSection(ProjectConfigurationPlatforms) = postSolution
		{2BDBE718-F34B-EA38-CBF0-9A9ED6C37164}.Debug|Any CPU.ActiveCfg = Debug|Any CPU
		{2BDBE718-F34B-EA38-CBF0-9A9ED6C37164}.Debug|Any CPU.Build.0 = Debug|Any CPU
		{2BDBE718-F34B-EA38-CBF0-9A9ED6C37164}.Release|Any CPU.ActiveCfg = Release|Any CPU
		{2BDBE718-F34B-EA38-CBF0-9A9ED6C37164}.Release|Any CPU.Build.0 = Release|Any CPU
		{813B4C5F-E65F-9B39-61A3-0F5D1C01F2D3}.Debug|Any CPU.ActiveCfg = Debug|Any CPU
		{813B4C5F-E65F-9B39-61A3-0F5D1C01F2D3}.Debug|Any CPU.Build.0 = Debug|Any CPU
		{813B4C5F-E65F-9B39-61A3-0F5D1C01F2D3}.Release|Any CPU.ActiveCfg = Release|Any CPU
		{813B4C5F-E65F-9B39-61A3-0F5D1C01F2D3}.Release|Any CPU.Build.0 = Release|Any CPU
		{336DBEF1-5A67-CD5A-20FE-0585D67B7B78}.Debug|Any CPU.ActiveCfg = Debug|Any CPU
		{336DBEF1-5A67-CD5A-20FE-0585D67B7B78}.Debug|Any CPU.Build.0 = Debug|Any CPU
		{336DBEF1-5A67-CD5A-20FE-0585D67B7B78}.Release|Any CPU.ActiveCfg = Release|Any CPU
		{336DBEF1-5A67-CD5A-20FE-0585D67B7B78}.Release|Any CPU.Build.0 = Release|Any CPU
	EndGlobalSection
	GlobalSection(SolutionProperties) = preSolution
		HideSolutionNode = FALSE
	EndGlobalSection
EndGlobal
